// !$*UTF8*$!
{
	archiveVersion = 1;
	classes = {
	};
	objectVersion = 50;
	objects = {

/* Begin PBXBuildFile section */
		C60E3BC6256334DC007AC0DD /* AppDelegate.swift in Sources */ = {isa = PBXBuildFile; fileRef = C60E3BC5256334DC007AC0DD /* AppDelegate.swift */; };
		C60E3BC8256334DC007AC0DD /* SceneDelegate.swift in Sources */ = {isa = PBXBuildFile; fileRef = C60E3BC7256334DC007AC0DD /* SceneDelegate.swift */; };
		C60E3BCA256334DC007AC0DD /* ContentView.swift in Sources */ = {isa = PBXBuildFile; fileRef = C60E3BC9256334DC007AC0DD /* ContentView.swift */; };
		C60E3BCC256334DD007AC0DD /* Assets.xcassets in Resources */ = {isa = PBXBuildFile; fileRef = C60E3BCB256334DD007AC0DD /* Assets.xcassets */; };
		C60E3BCF256334DD007AC0DD /* Preview Assets.xcassets in Resources */ = {isa = PBXBuildFile; fileRef = C60E3BCE256334DD007AC0DD /* Preview Assets.xcassets */; };
		C60E3BD2256334DD007AC0DD /* LaunchScreen.storyboard in Resources */ = {isa = PBXBuildFile; fileRef = C60E3BD0256334DD007AC0DD /* LaunchScreen.storyboard */; };
		C60E3BF525636567007AC0DD /* Weather.swift in Sources */ = {isa = PBXBuildFile; fileRef = C60E3BF425636567007AC0DD /* Weather.swift */; };
		C60E3BF825644C00007AC0DD /* WeatherViewModel.swift in Sources */ = {isa = PBXBuildFile; fileRef = C60E3BF725644C00007AC0DD /* WeatherViewModel.swift */; };
		C60E3BFC25645A94007AC0DD /* LocationManager.swift in Sources */ = {isa = PBXBuildFile; fileRef = C60E3BFB25645A94007AC0DD /* LocationManager.swift */; };
/* End PBXBuildFile section */

/* Begin PBXFileReference section */
		C60E3BC2256334DC007AC0DD /* Muhammad_Weather.app */ = {isa = PBXFileReference; explicitFileType = wrapper.application; includeInIndex = 0; path = Muhammad_Weather.app; sourceTree = BUILT_PRODUCTS_DIR; };
		C60E3BC5256334DC007AC0DD /* AppDelegate.swift */ = {isa = PBXFileReference; lastKnownFileType = sourcecode.swift; path = AppDelegate.swift; sourceTree = "<group>"; };
		C60E3BC7256334DC007AC0DD /* SceneDelegate.swift */ = {isa = PBXFileReference; lastKnownFileType = sourcecode.swift; path = SceneDelegate.swift; sourceTree = "<group>"; };
		C60E3BC9256334DC007AC0DD /* ContentView.swift */ = {isa = PBXFileReference; lastKnownFileType = sourcecode.swift; path = ContentView.swift; sourceTree = "<group>"; };
		C60E3BCB256334DD007AC0DD /* Assets.xcassets */ = {isa = PBXFileReference; lastKnownFileType = folder.assetcatalog; path = Assets.xcassets; sourceTree = "<group>"; };
		C60E3BCE256334DD007AC0DD /* Preview Assets.xcassets */ = {isa = PBXFileReference; lastKnownFileType = folder.assetcatalog; path = "Preview Assets.xcassets"; sourceTree = "<group>"; };
		C60E3BD1256334DD007AC0DD /* Base */ = {isa = PBXFileReference; lastKnownFileType = file.storyboard; name = Base; path = Base.lproj/LaunchScreen.storyboard; sourceTree = "<group>"; };
		C60E3BD3256334DD007AC0DD /* Info.plist */ = {isa = PBXFileReference; lastKnownFileType = text.plist.xml; path = Info.plist; sourceTree = "<group>"; };
		C60E3BF425636567007AC0DD /* Weather.swift */ = {isa = PBXFileReference; lastKnownFileType = sourcecode.swift; path = Weather.swift; sourceTree = "<group>"; };
		C60E3BF725644C00007AC0DD /* WeatherViewModel.swift */ = {isa = PBXFileReference; lastKnownFileType = sourcecode.swift; path = WeatherViewModel.swift; sourceTree = "<group>"; };
		C60E3BFB25645A94007AC0DD /* LocationManager.swift */ = {isa = PBXFileReference; lastKnownFileType = sourcecode.swift; path = LocationManager.swift; sourceTree = "<group>"; };
/* End PBXFileReference section */

/* Begin PBXFrameworksBuildPhase section */
		C60E3BBF256334DC007AC0DD /* Frameworks */ = {
			isa = PBXFrameworksBuildPhase;
			buildActionMask = 2147483647;
			files = (
			);
			runOnlyForDeploymentPostprocessing = 0;
		};
/* End PBXFrameworksBuildPhase section */

/* Begin PBXGroup section */
		C60E3BB9256334DC007AC0DD = {
			isa = PBXGroup;
			children = (
				C60E3BFA25645A83007AC0DD /* util */,
				C60E3BC4256334DC007AC0DD /* Muhammad_Weather */,
				C60E3BC3256334DC007AC0DD /* Products */,
			);
			sourceTree = "<group>";
		};
		C60E3BC3256334DC007AC0DD /* Products */ = {
			isa = PBXGroup;
			children = (
				C60E3BC2256334DC007AC0DD /* Muhammad_Weather.app */,
			);
			name = Products;
			sourceTree = "<group>";
		};
		C60E3BC4256334DC007AC0DD /* Muhammad_Weather */ = {
			isa = PBXGroup;
			children = (
				C60E3BF325636551007AC0DD /* view_model */,
				C60E3BF12563650C007AC0DD /* model */,
				C60E3BF025636504007AC0DD /* view */,
				C60E3BC5256334DC007AC0DD /* AppDelegate.swift */,
				C60E3BC7256334DC007AC0DD /* SceneDelegate.swift */,
				C60E3BCB256334DD007AC0DD /* Assets.xcassets */,
				C60E3BD0256334DD007AC0DD /* LaunchScreen.storyboard */,
				C60E3BD3256334DD007AC0DD /* Info.plist */,
				C60E3BCD256334DD007AC0DD /* Preview Content */,
			);
			path = Muhammad_Weather;
			sourceTree = "<group>";
		};
		C60E3BCD256334DD007AC0DD /* Preview Content */ = {
			isa = PBXGroup;
			children = (
				C60E3BCE256334DD007AC0DD /* Preview Assets.xcassets */,
			);
			path = "Preview Content";
			sourceTree = "<group>";
		};
		C60E3BF025636504007AC0DD /* view */ = {
			isa = PBXGroup;
			children = (
				C60E3BC9256334DC007AC0DD /* ContentView.swift */,
			);
			path = view;
			sourceTree = "<group>";
		};
		C60E3BF12563650C007AC0DD /* model */ = {
			isa = PBXGroup;
			children = (
				C60E3BF425636567007AC0DD /* Weather.swift */,
			);
			path = model;
			sourceTree = "<group>";
		};
		C60E3BF325636551007AC0DD /* view_model */ = {
			isa = PBXGroup;
			children = (
				C60E3BF725644C00007AC0DD /* WeatherViewModel.swift */,
			);
			path = view_model;
			sourceTree = "<group>";
		};
		C60E3BFA25645A83007AC0DD /* util */ = {
			isa = PBXGroup;
			children = (
				C60E3BFB25645A94007AC0DD /* LocationManager.swift */,
			);
			path = util;
			sourceTree = "<group>";
		};
/* End PBXGroup section */

/* Begin PBXNativeTarget section */
		C60E3BC1256334DC007AC0DD /* Muhammad_Weather */ = {
			isa = PBXNativeTarget;
			buildConfigurationList = C60E3BD6256334DD007AC0DD /* Build configuration list for PBXNativeTarget "Muhammad_Weather" */;
			buildPhases = (
				C60E3BBE256334DC007AC0DD /* Sources */,
				C60E3BBF256334DC007AC0DD /* Frameworks */,
				C60E3BC0256334DC007AC0DD /* Resources */,
			);
			buildRules = (
			);
			dependencies = (
			);
			name = Muhammad_Weather;
			productName = Muhammad_Weather;
			productReference = C60E3BC2256334DC007AC0DD /* Muhammad_Weather.app */;
			productType = "com.apple.product-type.application";
		};
/* End PBXNativeTarget section */

/* Begin PBXProject section */
		C60E3BBA256334DC007AC0DD /* Project object */ = {
			isa = PBXProject;
			attributes = {
				LastSwiftUpdateCheck = 1220;
				LastUpgradeCheck = 1220;
				TargetAttributes = {
					C60E3BC1256334DC007AC0DD = {
						CreatedOnToolsVersion = 12.2;
					};
				};
			};
			buildConfigurationList = C60E3BBD256334DC007AC0DD /* Build configuration list for PBXProject "Muhammad_Weather" */;
			compatibilityVersion = "Xcode 9.3";
			developmentRegion = en;
			hasScannedForEncodings = 0;
			knownRegions = (
				en,
				Base,
			);
			mainGroup = C60E3BB9256334DC007AC0DD;
			productRefGroup = C60E3BC3256334DC007AC0DD /* Products */;
			projectDirPath = "";
			projectRoot = "";
			targets = (
				C60E3BC1256334DC007AC0DD /* Muhammad_Weather */,
			);
		};
/* End PBXProject section */

/* Begin PBXResourcesBuildPhase section */
		C60E3BC0256334DC007AC0DD /* Resources */ = {
			isa = PBXResourcesBuildPhase;
			buildActionMask = 2147483647;
			files = (
				C60E3BD2256334DD007AC0DD /* LaunchScreen.storyboard in Resources */,
				C60E3BCF256334DD007AC0DD /* Preview Assets.xcassets in Resources */,
				C60E3BCC256334DD007AC0DD /* Assets.xcassets in Resources */,
			);
			runOnlyForDeploymentPostprocessing = 0;
		};
/* End PBXResourcesBuildPhase section */

/* Begin PBXSourcesBuildPhase section */
		C60E3BBE256334DC007AC0DD /* Sources */ = {
			isa = PBXSourcesBuildPhase;
			buildActionMask = 2147483647;
			files = (
				C60E3BF825644C00007AC0DD /* WeatherViewModel.swift in Sources */,
				C60E3BF525636567007AC0DD /* Weather.swift in Sources */,
				C60E3BFC25645A94007AC0DD /* LocationManager.swift in Sources */,
				C60E3BC6256334DC007AC0DD /* AppDelegate.swift in Sources */,
				C60E3BC8256334DC007AC0DD /* SceneDelegate.swift in Sources */,
				C60E3BCA256334DC007AC0DD /* ContentView.swift in Sources */,
			);
			runOnlyForDeploymentPostprocessing = 0;
		};
/* End PBXSourcesBuildPhase section */

/* Begin PBXVariantGroup section */
		C60E3BD0256334DD007AC0DD /* LaunchScreen.storyboard */ = {
			isa = PBXVariantGroup;
			children = (
				C60E3BD1256334DD007AC0DD /* Base */,
			);
			name = LaunchScreen.storyboard;
			sourceTree = "<group>";
		};
/* End PBXVariantGroup section */

/* Begin XCBuildConfiguration section */
		C60E3BD4256334DD007AC0DD /* Debug */ = {
			isa = XCBuildConfiguration;
			buildSettings = {
				ALWAYS_SEARCH_USER_PATHS = NO;
				CLANG_ANALYZER_NONNULL = YES;
				CLANG_ANALYZER_NUMBER_OBJECT_CONVERSION = YES_AGGRESSIVE;
				CLANG_CXX_LANGUAGE_STANDARD = "gnu++14";
				CLANG_CXX_LIBRARY = "libc++";
				CLANG_ENABLE_MODULES = YES;
				CLANG_ENABLE_OBJC_ARC = YES;
				CLANG_ENABLE_OBJC_WEAK = YES;
				CLANG_WARN_BLOCK_CAPTURE_AUTORELEASING = YES;
				CLANG_WARN_BOOL_CONVERSION = YES;
				CLANG_WARN_COMMA = YES;
				CLANG_WARN_CONSTANT_CONVERSION = YES;
				CLANG_WARN_DEPRECATED_OBJC_IMPLEMENTATIONS = YES;
				CLANG_WARN_DIRECT_OBJC_ISA_USAGE = YES_ERROR;
				CLANG_WARN_DOCUMENTATION_COMMENTS = YES;
				CLANG_WARN_EMPTY_BODY = YES;
				CLANG_WARN_ENUM_CONVERSION = YES;
				CLANG_WARN_INFINITE_RECURSION = YES;
				CLANG_WARN_INT_CONVERSION = YES;
				CLANG_WARN_NON_LITERAL_NULL_CONVERSION = YES;
				CLANG_WARN_OBJC_IMPLICIT_RETAIN_SELF = YES;
				CLANG_WARN_OBJC_LITERAL_CONVERSION = YES;
				CLANG_WARN_OBJC_ROOT_CLASS = YES_ERROR;
				CLANG_WARN_QUOTED_INCLUDE_IN_FRAMEWORK_HEADER = YES;
				CLANG_WARN_RANGE_LOOP_ANALYSIS = YES;
				CLANG_WARN_STRICT_PROTOTYPES = YES;
				CLANG_WARN_SUSPICIOUS_MOVE = YES;
				CLANG_WARN_UNGUARDED_AVAILABILITY = YES_AGGRESSIVE;
				CLANG_WARN_UNREACHABLE_CODE = YES;
				CLANG_WARN__DUPLICATE_METHOD_MATCH = YES;
				COPY_PHASE_STRIP = NO;
				DEBUG_INFORMATION_FORMAT = dwarf;
				ENABLE_STRICT_OBJC_MSGSEND = YES;
				ENABLE_TESTABILITY = YES;
				GCC_C_LANGUAGE_STANDARD = gnu11;
				GCC_DYNAMIC_NO_PIC = NO;
				GCC_NO_COMMON_BLOCKS = YES;
				GCC_OPTIMIZATION_LEVEL = 0;
				GCC_PREPROCESSOR_DEFINITIONS = (
					"DEBUG=1",
					"$(inherited)",
				);
				GCC_WARN_64_TO_32_BIT_CONVERSION = YES;
				GCC_WARN_ABOUT_RETURN_TYPE = YES_ERROR;
				GCC_WARN_UNDECLARED_SELECTOR = YES;
				GCC_WARN_UNINITIALIZED_AUTOS = YES_AGGRESSIVE;
				GCC_WARN_UNUSED_FUNCTION = YES;
				GCC_WARN_UNUSED_VARIABLE = YES;
				IPHONEOS_DEPLOYMENT_TARGET = 14.2;
				MTL_ENABLE_DEBUG_INFO = INCLUDE_SOURCE;
				MTL_FAST_MATH = YES;
				ONLY_ACTIVE_ARCH = YES;
				SDKROOT = iphoneos;
				SWIFT_ACTIVE_COMPILATION_CONDITIONS = DEBUG;
				SWIFT_OPTIMIZATION_LEVEL = "-Onone";
			};
			name = Debug;
		};
		C60E3BD5256334DD007AC0DD /* Release */ = {
			isa = XCBuildConfiguration;
			buildSettings = {
				ALWAYS_SEARCH_USER_PATHS = NO;
				CLANG_ANALYZER_NONNULL = YES;
				CLANG_ANALYZER_NUMBER_OBJECT_CONVERSION = YES_AGGRESSIVE;
				CLANG_CXX_LANGUAGE_STANDARD = "gnu++14";
				CLANG_CXX_LIBRARY = "libc++";
				CLANG_ENABLE_MODULES = YES;
				CLANG_ENABLE_OBJC_ARC = YES;
				CLANG_ENABLE_OBJC_WEAK = YES;
				CLANG_WARN_BLOCK_CAPTURE_AUTORELEASING = YES;
				CLANG_WARN_BOOL_CONVERSION = YES;
				CLANG_WARN_COMMA = YES;
				CLANG_WARN_CONSTANT_CONVERSION = YES;
				CLANG_WARN_DEPRECATED_OBJC_IMPLEMENTATIONS = YES;
				CLANG_WARN_DIRECT_OBJC_ISA_USAGE = YES_ERROR;
				CLANG_WARN_DOCUMENTATION_COMMENTS = YES;
				CLANG_WARN_EMPTY_BODY = YES;
				CLANG_WARN_ENUM_CONVERSION = YES;
				CLANG_WARN_INFINITE_RECURSION = YES;
				CLANG_WARN_INT_CONVERSION = YES;
				CLANG_WARN_NON_LITERAL_NULL_CONVERSION = YES;
				CLANG_WARN_OBJC_IMPLICIT_RETAIN_SELF = YES;
				CLANG_WARN_OBJC_LITERAL_CONVERSION = YES;
				CLANG_WARN_OBJC_ROOT_CLASS = YES_ERROR;
				CLANG_WARN_QUOTED_INCLUDE_IN_FRAMEWORK_HEADER = YES;
				CLANG_WARN_RANGE_LOOP_ANALYSIS = YES;
				CLANG_WARN_STRICT_PROTOTYPES = YES;
				CLANG_WARN_SUSPICIOUS_MOVE = YES;
				CLANG_WARN_UNGUARDED_AVAILABILITY = YES_AGGRESSIVE;
				CLANG_WARN_UNREACHABLE_CODE = YES;
				CLANG_WARN__DUPLICATE_METHOD_MATCH = YES;
				COPY_PHASE_STRIP = NO;
				DEBUG_INFORMATION_FORMAT = "dwarf-with-dsym";
				ENABLE_NS_ASSERTIONS = NO;
				ENABLE_STRICT_OBJC_MSGSEND = YES;
				GCC_C_LANGUAGE_STANDARD = gnu11;
				GCC_NO_COMMON_BLOCKS = YES;
				GCC_WARN_64_TO_32_BIT_CONVERSION = YES;
				GCC_WARN_ABOUT_RETURN_TYPE = YES_ERROR;
				GCC_WARN_UNDECLARED_SELECTOR = YES;
				GCC_WARN_UNINITIALIZED_AUTOS = YES_AGGRESSIVE;
				GCC_WARN_UNUSED_FUNCTION = YES;
				GCC_WARN_UNUSED_VARIABLE = YES;
				IPHONEOS_DEPLOYMENT_TARGET = 14.2;
				MTL_ENABLE_DEBUG_INFO = NO;
				MTL_FAST_MATH = YES;
				SDKROOT = iphoneos;
				SWIFT_COMPILATION_MODE = wholemodule;
				SWIFT_OPTIMIZATION_LEVEL = "-O";
				VALIDATE_PRODUCT = YES;
			};
			name = Release;
		};
		C60E3BD7256334DD007AC0DD /* Debug */ = {
			isa = XCBuildConfiguration;
			buildSettings = {
				ASSETCATALOG_COMPILER_APPICON_NAME = AppIcon;
				ASSETCATALOG_COMPILER_GLOBAL_ACCENT_COLOR_NAME = AccentColor;
				CODE_SIGN_STYLE = Automatic;
				DEVELOPMENT_ASSET_PATHS = "\"Muhammad_Weather/Preview Content\"";
				DEVELOPMENT_TEAM = 8L69HN8686;
				ENABLE_PREVIEWS = YES;
				INFOPLIST_FILE = Muhammad_Weather/Info.plist;
				LD_RUNPATH_SEARCH_PATHS = (
					"$(inherited)",
					"@executable_path/Frameworks",
				);
				PRODUCT_BUNDLE_IDENTIFIER = "com.shahid2.Muhammad-Weather";
				PRODUCT_NAME = "$(TARGET_NAME)";
				SWIFT_VERSION = 5.0;
				TARGETED_DEVICE_FAMILY = "1,2";
			};
			name = Debug;
		};
		C60E3BD8256334DD007AC0DD /* Release */ = {
			isa = XCBuildConfiguration;
			buildSettings = {
				ASSETCATALOG_COMPILER_APPICON_NAME = AppIcon;
				ASSETCATALOG_COMPILER_GLOBAL_ACCENT_COLOR_NAME = AccentColor;
				CODE_SIGN_STYLE = Automatic;
				DEVELOPMENT_ASSET_PATHS = "\"Muhammad_Weather/Preview Content\"";
				DEVELOPMENT_TEAM = 8L69HN8686;
				ENABLE_PREVIEWS = YES;
				INFOPLIST_FILE = Muhammad_Weather/Info.plist;
				LD_RUNPATH_SEARCH_PATHS = (
					"$(inherited)",
					"@executable_path/Frameworks",
				);
				PRODUCT_BUNDLE_IDENTIFIER = "com.shahid2.Muhammad-Weather";
				PRODUCT_NAME = "$(TARGET_NAME)";
				SWIFT_VERSION = 5.0;
				TARGETED_DEVICE_FAMILY = "1,2";
			};
			name = Release;
		};
/* End XCBuildConfiguration section */

/* Begin XCConfigurationList section */
		C60E3BBD256334DC007AC0DD /* Build configuration list for PBXProject "Muhammad_Weather" */ = {
			isa = XCConfigurationList;
			buildConfigurations = (
				C60E3BD4256334DD007AC0DD /* Debug */,
				C60E3BD5256334DD007AC0DD /* Release */,
			);
			defaultConfigurationIsVisible = 0;
			defaultConfigurationName = Release;
		};
		C60E3BD6256334DD007AC0DD /* Build configuration list for PBXNativeTarget "Muhammad_Weather" */ = {
			isa = XCConfigurationList;
			buildConfigurations = (
				C60E3BD7256334DD007AC0DD /* Debug */,
				C60E3BD8256334DD007AC0DD /* Release */,
			);
			defaultConfigurationIsVisible = 0;
			defaultConfigurationName = Release;
		};
/* End XCConfigurationList section */
	};
	rootObject = C60E3BBA256334DC007AC0DD /* Project object */;
}
